
Microsoft Visual Studio Solution File, Format Version 12.00
# Visual Studio Version 17
VisualStudioVersion = 17.13.35919.96 d17.13
MinimumVisualStudioVersion = 10.0.40219.1
Project("{FAE04EC0-301F-11D3-BF4B-00C04F79EFBC}") = "Shop.CartService", "Shop.CartService\Shop.CartService.csproj", "{18EC6AE4-FEC8-46E2-BEA7-489E8D58C7EA}"
EndProject
Global
	GlobalSection(SolutionConfigurationPlatforms) = preSolution
		Debug|Any CPU = Debug|Any CPU
		Release|Any CPU = Release|Any CPU
	EndGlobalSection
	GlobalSection(ProjectConfigurationPlatforms) = postSolution
		{18EC6AE4-FEC8-46E2-BEA7-489E8D58C7EA}.Debug|Any CPU.ActiveCfg = Debug|Any CPU
		{18EC6AE4-FEC8-46E2-BEA7-489E8D58C7EA}.Debug|Any CPU.Build.0 = Debug|Any CPU
		{18EC6AE4-FEC8-46E2-BEA7-489E8D58C7EA}.Release|Any CPU.ActiveCfg = Release|Any CPU
		{18EC6AE4-FEC8-46E2-BEA7-489E8D58C7EA}.Release|Any CPU.Build.0 = Release|Any CPU
	EndGlobalSection
	GlobalSection(SolutionProperties) = preSolution
		HideSolutionNode = FALSE
	EndGlobalSection
	GlobalSection(ExtensibilityGlobals) = postSolution
		SolutionGuid = {135DDF9F-78FE-471B-9F80-48276476218B}
	EndGlobalSection
EndGlobal
